
Microsoft Visual Studio Solution File, Format Version 12.00
# Visual Studio 15
VisualStudioVersion = 15.0.27004.2010
MinimumVisualStudioVersion = 10.0.40219.1
Project("{FAE04EC0-301F-11D3-BF4B-00C04F79EFBC}") = "NancySelfHost", "NancySelfHost\NancySelfHost.csproj", "{823DA7FD-B1F8-4DA6-B253-BE5D1490A418}"
EndProject
Project("{FAE04EC0-301F-11D3-BF4B-00C04F79EFBC}") = "NancySelfHost.Console", "NancySelfHost.Console\NancySelfHost.Console.csproj", "{4D29124F-7ED8-4427-BDAB-E780E9A1C2F7}"
EndProject
Global
	GlobalSection(SolutionConfigurationPlatforms) = preSolution
		Debug|Any CPU = Debug|Any CPU
		Release|Any CPU = Release|Any CPU
	EndGlobalSection
	GlobalSection(ProjectConfigurationPlatforms) = postSolution
		{823DA7FD-B1F8-4DA6-B253-BE5D1490A418}.Debug|Any CPU.ActiveCfg = Debug|Any CPU
		{823DA7FD-B1F8-4DA6-B253-BE5D1490A418}.Debug|Any CPU.Build.0 = Debug|Any CPU
		{823DA7FD-B1F8-4DA6-B253-BE5D1490A418}.Release|Any CPU.ActiveCfg = Release|Any CPU
		{823DA7FD-B1F8-4DA6-B253-BE5D1490A418}.Release|Any CPU.Build.0 = Release|Any CPU
		{4D29124F-7ED8-4427-BDAB-E780E9A1C2F7}.Debug|Any CPU.ActiveCfg = Debug|Any CPU
		{4D29124F-7ED8-4427-BDAB-E780E9A1C2F7}.Debug|Any CPU.Build.0 = Debug|Any CPU
		{4D29124F-7ED8-4427-BDAB-E780E9A1C2F7}.Release|Any CPU.ActiveCfg = Release|Any CPU
		{4D29124F-7ED8-4427-BDAB-E780E9A1C2F7}.Release|Any CPU.Build.0 = Release|Any CPU
	EndGlobalSection
	GlobalSection(SolutionProperties) = preSolution
		HideSolutionNode = FALSE
	EndGlobalSection
	GlobalSection(ExtensibilityGlobals) = postSolution
		SolutionGuid = {D7A8732A-8B0F-495C-A96F-B04A498C7FDA}
	EndGlobalSection
EndGlobal
